// !$*UTF8*$!
{
	archiveVersion = 1;
	classes = {
	};
	objectVersion = 50;
	objects = {

/* Begin PBXBuildFile section */
		2A104EB221C351B100851C6D /* GraphicsVC.swift in Sources */ = {isa = PBXBuildFile; fileRef = 2A104EB021C351B100851C6D /* GraphicsVC.swift */; };
		2A104EB321C351B100851C6D /* GraphicsVC.xib in Resources */ = {isa = PBXBuildFile; fileRef = 2A104EB121C351B100851C6D /* GraphicsVC.xib */; };
		2A1B012A21BE4132007E1E75 /* vr_and_ar_tinhte.mp4 in Resources */ = {isa = PBXBuildFile; fileRef = 2A1B012921BE2705007E1E75 /* vr_and_ar_tinhte.mp4 */; };
		2A1B012C21BE5814007E1E75 /* Assets.scnassets in Resources */ = {isa = PBXBuildFile; fileRef = 2A1B012B21BE5814007E1E75 /* Assets.scnassets */; };
		2A1B013021BE5F21007E1E75 /* WhatARKitVC.swift in Sources */ = {isa = PBXBuildFile; fileRef = 2A1B012E21BE5F21007E1E75 /* WhatARKitVC.swift */; };
		2A1B013121BE5F21007E1E75 /* WhatARKitVC.xib in Resources */ = {isa = PBXBuildFile; fileRef = 2A1B012F21BE5F21007E1E75 /* WhatARKitVC.xib */; };
		2A4DB04521BA2A0A00513B15 /* AppDelegate.swift in Sources */ = {isa = PBXBuildFile; fileRef = 2A4DB04421BA2A0A00513B15 /* AppDelegate.swift */; };
		2A4DB04C21BA2A0B00513B15 /* Assets.xcassets in Resources */ = {isa = PBXBuildFile; fileRef = 2A4DB04B21BA2A0B00513B15 /* Assets.xcassets */; };
		2A4DB04F21BA2A0B00513B15 /* LaunchScreen.storyboard in Resources */ = {isa = PBXBuildFile; fileRef = 2A4DB04D21BA2A0B00513B15 /* LaunchScreen.storyboard */; };
		2A4DB05A21BA2AA400513B15 /* HomeVC.swift in Sources */ = {isa = PBXBuildFile; fileRef = 2A4DB05821BA2AA400513B15 /* HomeVC.swift */; };
		2A4DB05B21BA2AA400513B15 /* HomeVC.xib in Resources */ = {isa = PBXBuildFile; fileRef = 2A4DB05921BA2AA400513B15 /* HomeVC.xib */; };
		2A4DB06121BA539900513B15 /* IntroductionVC.swift in Sources */ = {isa = PBXBuildFile; fileRef = 2A4DB05F21BA539900513B15 /* IntroductionVC.swift */; };
		2A4DB06221BA539900513B15 /* IntroductionVC.xib in Resources */ = {isa = PBXBuildFile; fileRef = 2A4DB06021BA539900513B15 /* IntroductionVC.xib */; };
		2A4DB06621BA542500513B15 /* BaseViewController.swift in Sources */ = {isa = PBXBuildFile; fileRef = 2A4DB06421BA542500513B15 /* BaseViewController.swift */; };
		2A4DB06721BA542500513B15 /* BaseNavigationController.swift in Sources */ = {isa = PBXBuildFile; fileRef = 2A4DB06521BA542500513B15 /* BaseNavigationController.swift */; };
		2A4DB06A21BA5A0C00513B15 /* SampleShape.swift in Sources */ = {isa = PBXBuildFile; fileRef = 2A4DB06921BA5A0C00513B15 /* SampleShape.swift */; };
		2ACF773721BFAAD70099A818 /* EnvironmentVC.swift in Sources */ = {isa = PBXBuildFile; fileRef = 2ACF773521BFAAD70099A818 /* EnvironmentVC.swift */; };
		2ACF773821BFAAD70099A818 /* EnvironmentVC.xib in Resources */ = {isa = PBXBuildFile; fileRef = 2ACF773621BFAAD70099A818 /* EnvironmentVC.xib */; };
/* End PBXBuildFile section */

/* Begin PBXFileReference section */
		2A104EB021C351B100851C6D /* GraphicsVC.swift */ = {isa = PBXFileReference; lastKnownFileType = sourcecode.swift; path = GraphicsVC.swift; sourceTree = "<group>"; };
		2A104EB121C351B100851C6D /* GraphicsVC.xib */ = {isa = PBXFileReference; lastKnownFileType = file.xib; path = GraphicsVC.xib; sourceTree = "<group>"; };
		2A1B012921BE2705007E1E75 /* vr_and_ar_tinhte.mp4 */ = {isa = PBXFileReference; lastKnownFileType = file; path = vr_and_ar_tinhte.mp4; sourceTree = "<group>"; };
		2A1B012B21BE5814007E1E75 /* Assets.scnassets */ = {isa = PBXFileReference; lastKnownFileType = wrapper.scnassets; path = Assets.scnassets; sourceTree = "<group>"; };
		2A1B012E21BE5F21007E1E75 /* WhatARKitVC.swift */ = {isa = PBXFileReference; lastKnownFileType = sourcecode.swift; path = WhatARKitVC.swift; sourceTree = "<group>"; };
		2A1B012F21BE5F21007E1E75 /* WhatARKitVC.xib */ = {isa = PBXFileReference; lastKnownFileType = file.xib; path = WhatARKitVC.xib; sourceTree = "<group>"; };
		2A4DB04121BA2A0A00513B15 /* ARWorkshopDemos.app */ = {isa = PBXFileReference; explicitFileType = wrapper.application; includeInIndex = 0; path = ARWorkshopDemos.app; sourceTree = BUILT_PRODUCTS_DIR; };
		2A4DB04421BA2A0A00513B15 /* AppDelegate.swift */ = {isa = PBXFileReference; lastKnownFileType = sourcecode.swift; path = AppDelegate.swift; sourceTree = "<group>"; };
		2A4DB04B21BA2A0B00513B15 /* Assets.xcassets */ = {isa = PBXFileReference; lastKnownFileType = folder.assetcatalog; path = Assets.xcassets; sourceTree = "<group>"; };
		2A4DB04E21BA2A0B00513B15 /* Base */ = {isa = PBXFileReference; lastKnownFileType = file.storyboard; name = Base; path = Base.lproj/LaunchScreen.storyboard; sourceTree = "<group>"; };
		2A4DB05021BA2A0B00513B15 /* Info.plist */ = {isa = PBXFileReference; lastKnownFileType = text.plist.xml; path = Info.plist; sourceTree = "<group>"; };
		2A4DB05821BA2AA400513B15 /* HomeVC.swift */ = {isa = PBXFileReference; lastKnownFileType = sourcecode.swift; path = HomeVC.swift; sourceTree = "<group>"; };
		2A4DB05921BA2AA400513B15 /* HomeVC.xib */ = {isa = PBXFileReference; lastKnownFileType = file.xib; path = HomeVC.xib; sourceTree = "<group>"; };
		2A4DB05F21BA539900513B15 /* IntroductionVC.swift */ = {isa = PBXFileReference; lastKnownFileType = sourcecode.swift; path = IntroductionVC.swift; sourceTree = "<group>"; };
		2A4DB06021BA539900513B15 /* IntroductionVC.xib */ = {isa = PBXFileReference; lastKnownFileType = file.xib; path = IntroductionVC.xib; sourceTree = "<group>"; };
		2A4DB06421BA542500513B15 /* BaseViewController.swift */ = {isa = PBXFileReference; fileEncoding = 4; lastKnownFileType = sourcecode.swift; path = BaseViewController.swift; sourceTree = "<group>"; };
		2A4DB06521BA542500513B15 /* BaseNavigationController.swift */ = {isa = PBXFileReference; fileEncoding = 4; lastKnownFileType = sourcecode.swift; path = BaseNavigationController.swift; sourceTree = "<group>"; };
		2A4DB06921BA5A0C00513B15 /* SampleShape.swift */ = {isa = PBXFileReference; lastKnownFileType = sourcecode.swift; path = SampleShape.swift; sourceTree = "<group>"; };
		2ACF773521BFAAD70099A818 /* EnvironmentVC.swift */ = {isa = PBXFileReference; lastKnownFileType = sourcecode.swift; path = EnvironmentVC.swift; sourceTree = "<group>"; };
		2ACF773621BFAAD70099A818 /* EnvironmentVC.xib */ = {isa = PBXFileReference; lastKnownFileType = file.xib; path = EnvironmentVC.xib; sourceTree = "<group>"; };
/* End PBXFileReference section */

/* Begin PBXFrameworksBuildPhase section */
		2A4DB03E21BA2A0A00513B15 /* Frameworks */ = {
			isa = PBXFrameworksBuildPhase;
			buildActionMask = 2147483647;
			files = (
			);
			runOnlyForDeploymentPostprocessing = 0;
		};
/* End PBXFrameworksBuildPhase section */

/* Begin PBXGroup section */
		2A104EAF21C3507C00851C6D /* 04_Graphics */ = {
			isa = PBXGroup;
			children = (
				2A104EB021C351B100851C6D /* GraphicsVC.swift */,
				2A104EB121C351B100851C6D /* GraphicsVC.xib */,
			);
			path = 04_Graphics;
			sourceTree = "<group>";
		};
		2A1B012D21BE5EB5007E1E75 /* 02_ARKit */ = {
			isa = PBXGroup;
			children = (
				2A1B012E21BE5F21007E1E75 /* WhatARKitVC.swift */,
				2A1B012F21BE5F21007E1E75 /* WhatARKitVC.xib */,
			);
			path = 02_ARKit;
			sourceTree = "<group>";
		};
		2A4DB03821BA2A0A00513B15 = {
			isa = PBXGroup;
			children = (
				2A4DB04321BA2A0A00513B15 /* ARWorkshopDemos */,
				2A4DB04221BA2A0A00513B15 /* Products */,
			);
			sourceTree = "<group>";
		};
		2A4DB04221BA2A0A00513B15 /* Products */ = {
			isa = PBXGroup;
			children = (
				2A4DB04121BA2A0A00513B15 /* ARWorkshopDemos.app */,
			);
			name = Products;
			sourceTree = "<group>";
		};
		2A4DB04321BA2A0A00513B15 /* ARWorkshopDemos */ = {
			isa = PBXGroup;
			children = (
				2A4DB05C21BA2AB400513B15 /* AppDelegate */,
				2A4DB05621BA2A5500513B15 /* Parts */,
				2A4DB06821BA59CA00513B15 /* Helper */,
				2A4DB06321BA542500513B15 /* Core */,
				2A4DB05D21BA2AC900513B15 /* Resources */,
				2A4DB05021BA2A0B00513B15 /* Info.plist */,
			);
			path = ARWorkshopDemos;
			sourceTree = "<group>";
		};
		2A4DB05621BA2A5500513B15 /* Parts */ = {
			isa = PBXGroup;
			children = (
				2A4DB05721BA2A7E00513B15 /* 00_ListDemos */,
				2A4DB05E21BA510600513B15 /* 01_Introduction */,
				2A1B012D21BE5EB5007E1E75 /* 02_ARKit */,
				2ACF773421BFAAB80099A818 /* 03_ Environment */,
				2A104EAF21C3507C00851C6D /* 04_Graphics */,
			);
			path = Parts;
			sourceTree = "<group>";
		};
		2A4DB05721BA2A7E00513B15 /* 00_ListDemos */ = {
			isa = PBXGroup;
			children = (
				2A4DB05821BA2AA400513B15 /* HomeVC.swift */,
				2A4DB05921BA2AA400513B15 /* HomeVC.xib */,
			);
			path = 00_ListDemos;
			sourceTree = "<group>";
		};
		2A4DB05C21BA2AB400513B15 /* AppDelegate */ = {
			isa = PBXGroup;
			children = (
				2A4DB04421BA2A0A00513B15 /* AppDelegate.swift */,
			);
			path = AppDelegate;
			sourceTree = "<group>";
		};
		2A4DB05D21BA2AC900513B15 /* Resources */ = {
			isa = PBXGroup;
			children = (
				2A1B012921BE2705007E1E75 /* vr_and_ar_tinhte.mp4 */,
				2A4DB04B21BA2A0B00513B15 /* Assets.xcassets */,
				2A4DB04D21BA2A0B00513B15 /* LaunchScreen.storyboard */,
				2A1B012B21BE5814007E1E75 /* Assets.scnassets */,
			);
			path = Resources;
			sourceTree = "<group>";
		};
		2A4DB05E21BA510600513B15 /* 01_Introduction */ = {
			isa = PBXGroup;
			children = (
				2A4DB05F21BA539900513B15 /* IntroductionVC.swift */,
				2A4DB06021BA539900513B15 /* IntroductionVC.xib */,
			);
			path = 01_Introduction;
			sourceTree = "<group>";
		};
		2A4DB06321BA542500513B15 /* Core */ = {
			isa = PBXGroup;
			children = (
				2A4DB06421BA542500513B15 /* BaseViewController.swift */,
				2A4DB06521BA542500513B15 /* BaseNavigationController.swift */,
			);
			path = Core;
			sourceTree = "<group>";
		};
		2A4DB06821BA59CA00513B15 /* Helper */ = {
			isa = PBXGroup;
			children = (
				2A4DB06921BA5A0C00513B15 /* SampleShape.swift */,
			);
			path = Helper;
			sourceTree = "<group>";
		};
		2ACF773421BFAAB80099A818 /* 03_ Environment */ = {
			isa = PBXGroup;
			children = (
				2ACF773521BFAAD70099A818 /* EnvironmentVC.swift */,
				2ACF773621BFAAD70099A818 /* EnvironmentVC.xib */,
			);
			path = "03_ Environment";
			sourceTree = "<group>";
		};
/* End PBXGroup section */

/* Begin PBXNativeTarget section */
		2A4DB04021BA2A0A00513B15 /* ARWorkshopDemos */ = {
			isa = PBXNativeTarget;
			buildConfigurationList = 2A4DB05321BA2A0B00513B15 /* Build configuration list for PBXNativeTarget "ARWorkshopDemos" */;
			buildPhases = (
				2A4DB03D21BA2A0A00513B15 /* Sources */,
				2A4DB03E21BA2A0A00513B15 /* Frameworks */,
				2A4DB03F21BA2A0A00513B15 /* Resources */,
			);
			buildRules = (
			);
			dependencies = (
			);
			name = ARWorkshopDemos;
			productName = ARWorkshopDemos;
			productReference = 2A4DB04121BA2A0A00513B15 /* ARWorkshopDemos.app */;
			productType = "com.apple.product-type.application";
		};
/* End PBXNativeTarget section */

/* Begin PBXProject section */
		2A4DB03921BA2A0A00513B15 /* Project object */ = {
			isa = PBXProject;
			attributes = {
				LastSwiftUpdateCheck = 1010;
				LastUpgradeCheck = 1010;
				ORGANIZATIONNAME = "Tien Le P.";
				TargetAttributes = {
					2A4DB04021BA2A0A00513B15 = {
						CreatedOnToolsVersion = 10.1;
					};
				};
			};
			buildConfigurationList = 2A4DB03C21BA2A0A00513B15 /* Build configuration list for PBXProject "ARWorkshopDemos" */;
			compatibilityVersion = "Xcode 9.3";
			developmentRegion = en;
			hasScannedForEncodings = 0;
			knownRegions = (
				en,
				Base,
			);
			mainGroup = 2A4DB03821BA2A0A00513B15;
			productRefGroup = 2A4DB04221BA2A0A00513B15 /* Products */;
			projectDirPath = "";
			projectRoot = "";
			targets = (
				2A4DB04021BA2A0A00513B15 /* ARWorkshopDemos */,
			);
		};
/* End PBXProject section */

/* Begin PBXResourcesBuildPhase section */
		2A4DB03F21BA2A0A00513B15 /* Resources */ = {
			isa = PBXResourcesBuildPhase;
			buildActionMask = 2147483647;
			files = (
				2ACF773821BFAAD70099A818 /* EnvironmentVC.xib in Resources */,
				2A1B013121BE5F21007E1E75 /* WhatARKitVC.xib in Resources */,
				2A1B012C21BE5814007E1E75 /* Assets.scnassets in Resources */,
				2A1B012A21BE4132007E1E75 /* vr_and_ar_tinhte.mp4 in Resources */,
				2A4DB04F21BA2A0B00513B15 /* LaunchScreen.storyboard in Resources */,
				2A4DB05B21BA2AA400513B15 /* HomeVC.xib in Resources */,
				2A104EB321C351B100851C6D /* GraphicsVC.xib in Resources */,
				2A4DB06221BA539900513B15 /* IntroductionVC.xib in Resources */,
				2A4DB04C21BA2A0B00513B15 /* Assets.xcassets in Resources */,
			);
			runOnlyForDeploymentPostprocessing = 0;
		};
/* End PBXResourcesBuildPhase section */

/* Begin PBXSourcesBuildPhase section */
		2A4DB03D21BA2A0A00513B15 /* Sources */ = {
			isa = PBXSourcesBuildPhase;
			buildActionMask = 2147483647;
			files = (
				2A4DB06121BA539900513B15 /* IntroductionVC.swift in Sources */,
				2A4DB06A21BA5A0C00513B15 /* SampleShape.swift in Sources */,
				2A4DB06621BA542500513B15 /* BaseViewController.swift in Sources */,
				2A4DB04521BA2A0A00513B15 /* AppDelegate.swift in Sources */,
				2ACF773721BFAAD70099A818 /* EnvironmentVC.swift in Sources */,
				2A1B013021BE5F21007E1E75 /* WhatARKitVC.swift in Sources */,
				2A4DB06721BA542500513B15 /* BaseNavigationController.swift in Sources */,
				2A104EB221C351B100851C6D /* GraphicsVC.swift in Sources */,
				2A4DB05A21BA2AA400513B15 /* HomeVC.swift in Sources */,
			);
			runOnlyForDeploymentPostprocessing = 0;
		};
/* End PBXSourcesBuildPhase section */

/* Begin PBXVariantGroup section */
		2A4DB04D21BA2A0B00513B15 /* LaunchScreen.storyboard */ = {
			isa = PBXVariantGroup;
			children = (
				2A4DB04E21BA2A0B00513B15 /* Base */,
			);
			name = LaunchScreen.storyboard;
			sourceTree = "<group>";
		};
/* End PBXVariantGroup section */

/* Begin XCBuildConfiguration section */
		2A4DB05121BA2A0B00513B15 /* Debug */ = {
			isa = XCBuildConfiguration;
			buildSettings = {
				ALWAYS_SEARCH_USER_PATHS = NO;
				CLANG_ANALYZER_NONNULL = YES;
				CLANG_ANALYZER_NUMBER_OBJECT_CONVERSION = YES_AGGRESSIVE;
				CLANG_CXX_LANGUAGE_STANDARD = "gnu++14";
				CLANG_CXX_LIBRARY = "libc++";
				CLANG_ENABLE_MODULES = YES;
				CLANG_ENABLE_OBJC_ARC = YES;
				CLANG_ENABLE_OBJC_WEAK = YES;
				CLANG_WARN_BLOCK_CAPTURE_AUTORELEASING = YES;
				CLANG_WARN_BOOL_CONVERSION = YES;
				CLANG_WARN_COMMA = YES;
				CLANG_WARN_CONSTANT_CONVERSION = YES;
				CLANG_WARN_DEPRECATED_OBJC_IMPLEMENTATIONS = YES;
				CLANG_WARN_DIRECT_OBJC_ISA_USAGE = YES_ERROR;
				CLANG_WARN_DOCUMENTATION_COMMENTS = YES;
				CLANG_WARN_EMPTY_BODY = YES;
				CLANG_WARN_ENUM_CONVERSION = YES;
				CLANG_WARN_INFINITE_RECURSION = YES;
				CLANG_WARN_INT_CONVERSION = YES;
				CLANG_WARN_NON_LITERAL_NULL_CONVERSION = YES;
				CLANG_WARN_OBJC_IMPLICIT_RETAIN_SELF = YES;
				CLANG_WARN_OBJC_LITERAL_CONVERSION = YES;
				CLANG_WARN_OBJC_ROOT_CLASS = YES_ERROR;
				CLANG_WARN_RANGE_LOOP_ANALYSIS = YES;
				CLANG_WARN_STRICT_PROTOTYPES = YES;
				CLANG_WARN_SUSPICIOUS_MOVE = YES;
				CLANG_WARN_UNGUARDED_AVAILABILITY = YES_AGGRESSIVE;
				CLANG_WARN_UNREACHABLE_CODE = YES;
				CLANG_WARN__DUPLICATE_METHOD_MATCH = YES;
				CODE_SIGN_IDENTITY = "iPhone Developer";
				COPY_PHASE_STRIP = NO;
				DEBUG_INFORMATION_FORMAT = dwarf;
				ENABLE_STRICT_OBJC_MSGSEND = YES;
				ENABLE_TESTABILITY = YES;
				GCC_C_LANGUAGE_STANDARD = gnu11;
				GCC_DYNAMIC_NO_PIC = NO;
				GCC_NO_COMMON_BLOCKS = YES;
				GCC_OPTIMIZATION_LEVEL = 0;
				GCC_PREPROCESSOR_DEFINITIONS = (
					"DEBUG=1",
					"$(inherited)",
				);
				GCC_WARN_64_TO_32_BIT_CONVERSION = YES;
				GCC_WARN_ABOUT_RETURN_TYPE = YES_ERROR;
				GCC_WARN_UNDECLARED_SELECTOR = YES;
				GCC_WARN_UNINITIALIZED_AUTOS = YES_AGGRESSIVE;
				GCC_WARN_UNUSED_FUNCTION = YES;
				GCC_WARN_UNUSED_VARIABLE = YES;
				IPHONEOS_DEPLOYMENT_TARGET = 12.1;
				MTL_ENABLE_DEBUG_INFO = INCLUDE_SOURCE;
				MTL_FAST_MATH = YES;
				ONLY_ACTIVE_ARCH = YES;
				SDKROOT = iphoneos;
				SWIFT_ACTIVE_COMPILATION_CONDITIONS = DEBUG;
				SWIFT_OPTIMIZATION_LEVEL = "-Onone";
			};
			name = Debug;
		};
		2A4DB05221BA2A0B00513B15 /* Release */ = {
			isa = XCBuildConfiguration;
			buildSettings = {
				ALWAYS_SEARCH_USER_PATHS = NO;
				CLANG_ANALYZER_NONNULL = YES;
				CLANG_ANALYZER_NUMBER_OBJECT_CONVERSION = YES_AGGRESSIVE;
				CLANG_CXX_LANGUAGE_STANDARD = "gnu++14";
				CLANG_CXX_LIBRARY = "libc++";
				CLANG_ENABLE_MODULES = YES;
				CLANG_ENABLE_OBJC_ARC = YES;
				CLANG_ENABLE_OBJC_WEAK = YES;
				CLANG_WARN_BLOCK_CAPTURE_AUTORELEASING = YES;
				CLANG_WARN_BOOL_CONVERSION = YES;
				CLANG_WARN_COMMA = YES;
				CLANG_WARN_CONSTANT_CONVERSION = YES;
				CLANG_WARN_DEPRECATED_OBJC_IMPLEMENTATIONS = YES;
				CLANG_WARN_DIRECT_OBJC_ISA_USAGE = YES_ERROR;
				CLANG_WARN_DOCUMENTATION_COMMENTS = YES;
				CLANG_WARN_EMPTY_BODY = YES;
				CLANG_WARN_ENUM_CONVERSION = YES;
				CLANG_WARN_INFINITE_RECURSION = YES;
				CLANG_WARN_INT_CONVERSION = YES;
				CLANG_WARN_NON_LITERAL_NULL_CONVERSION = YES;
				CLANG_WARN_OBJC_IMPLICIT_RETAIN_SELF = YES;
				CLANG_WARN_OBJC_LITERAL_CONVERSION = YES;
				CLANG_WARN_OBJC_ROOT_CLASS = YES_ERROR;
				CLANG_WARN_RANGE_LOOP_ANALYSIS = YES;
				CLANG_WARN_STRICT_PROTOTYPES = YES;
				CLANG_WARN_SUSPICIOUS_MOVE = YES;
				CLANG_WARN_UNGUARDED_AVAILABILITY = YES_AGGRESSIVE;
				CLANG_WARN_UNREACHABLE_CODE = YES;
				CLANG_WARN__DUPLICATE_METHOD_MATCH = YES;
				CODE_SIGN_IDENTITY = "iPhone Developer";
				COPY_PHASE_STRIP = NO;
				DEBUG_INFORMATION_FORMAT = "dwarf-with-dsym";
				ENABLE_NS_ASSERTIONS = NO;
				ENABLE_STRICT_OBJC_MSGSEND = YES;
				GCC_C_LANGUAGE_STANDARD = gnu11;
				GCC_NO_COMMON_BLOCKS = YES;
				GCC_WARN_64_TO_32_BIT_CONVERSION = YES;
				GCC_WARN_ABOUT_RETURN_TYPE = YES_ERROR;
				GCC_WARN_UNDECLARED_SELECTOR = YES;
				GCC_WARN_UNINITIALIZED_AUTOS = YES_AGGRESSIVE;
				GCC_WARN_UNUSED_FUNCTION = YES;
				GCC_WARN_UNUSED_VARIABLE = YES;
				IPHONEOS_DEPLOYMENT_TARGET = 12.1;
				MTL_ENABLE_DEBUG_INFO = NO;
				MTL_FAST_MATH = YES;
				SDKROOT = iphoneos;
				SWIFT_COMPILATION_MODE = wholemodule;
				SWIFT_OPTIMIZATION_LEVEL = "-O";
				VALIDATE_PRODUCT = YES;
			};
			name = Release;
		};
		2A4DB05421BA2A0B00513B15 /* Debug */ = {
			isa = XCBuildConfiguration;
			buildSettings = {
				ASSETCATALOG_COMPILER_APPICON_NAME = AppIcon;
				CODE_SIGN_STYLE = Automatic;
				DEVELOPMENT_TEAM = QG598U658S;
				INFOPLIST_FILE = ARWorkshopDemos/Info.plist;
				LD_RUNPATH_SEARCH_PATHS = (
					"$(inherited)",
					"@executable_path/Frameworks",
				);
				PRODUCT_BUNDLE_IDENTIFIER = com.fx.ARWorkshopDemos;
				PRODUCT_NAME = "$(TARGET_NAME)";
				SWIFT_VERSION = 4.2;
				TARGETED_DEVICE_FAMILY = "1,2";
			};
			name = Debug;
		};
		2A4DB05521BA2A0B00513B15 /* Release */ = {
			isa = XCBuildConfiguration;
			buildSettings = {
				ASSETCATALOG_COMPILER_APPICON_NAME = AppIcon;
				CODE_SIGN_STYLE = Automatic;
				DEVELOPMENT_TEAM = QG598U658S;
				INFOPLIST_FILE = ARWorkshopDemos/Info.plist;
				LD_RUNPATH_SEARCH_PATHS = (
					"$(inherited)",
					"@executable_path/Frameworks",
				);
				PRODUCT_BUNDLE_IDENTIFIER = com.fx.ARWorkshopDemos;
				PRODUCT_NAME = "$(TARGET_NAME)";
				SWIFT_VERSION = 4.2;
				TARGETED_DEVICE_FAMILY = "1,2";
			};
			name = Release;
		};
/* End XCBuildConfiguration section */

/* Begin XCConfigurationList section */
		2A4DB03C21BA2A0A00513B15 /* Build configuration list for PBXProject "ARWorkshopDemos" */ = {
			isa = XCConfigurationList;
			buildConfigurations = (
				2A4DB05121BA2A0B00513B15 /* Debug */,
				2A4DB05221BA2A0B00513B15 /* Release */,
			);
			defaultConfigurationIsVisible = 0;
			defaultConfigurationName = Release;
		};
		2A4DB05321BA2A0B00513B15 /* Build configuration list for PBXNativeTarget "ARWorkshopDemos" */ = {
			isa = XCConfigurationList;
			buildConfigurations = (
				2A4DB05421BA2A0B00513B15 /* Debug */,
				2A4DB05521BA2A0B00513B15 /* Release */,
			);
			defaultConfigurationIsVisible = 0;
			defaultConfigurationName = Release;
		};
/* End XCConfigurationList section */
	};
	rootObject = 2A4DB03921BA2A0A00513B15 /* Project object */;
}
